PODS:
  - AMap3DMap (11.2.000):
    - AMapFoundation (>= 1.9.0)
  - AMapFoundation (1.9.0)
  - AMapLocation (2.12.0):
    - AMapFoundation (>= 1.9.0)
  - AMapSearch (9.8.0):
    - AMapFoundation (>= 1.9.0)

DEPENDENCIES:
  - AMap3DMap
  - AMapFoundation
  - AMapLocation
  - AMapSearch

SPEC REPOS:
  trunk:
    - AMap3DMap
    - AMapFoundation
    - AMapLocation
    - AMapSearch

SPEC CHECKSUMS:
  AMap3DMap: 940c6f6ce6ff3089c5c2211b0dfb51ef43262fe8
  AMapFoundation: 5f01fcabd1e591967e52178d2d96dac843396285
  AMapLocation: 51549dc73f5bfa8806c33857ad2079fa6215bb49
  AMapSearch: ec339fc3cf772d5ff657f02397888391b4b1bde8

PODFILE CHECKSUM: 4649367180a3ae5189e3b177b5744ac8d14a8e22

COCOAPODS: 1.16.2
